
Microsoft Visual Studio Solution File, Format Version 12.00
# Visual Studio Version 17
VisualStudioVersion = 17.7.34024.191
MinimumVisualStudioVersion = 10.0.40219.1
Project("{FAE04EC0-301F-11D3-BF4B-00C04F79EFBC}") = "button-ornek-4", "button-ornek-4\button-ornek-4.csproj", "{2B6C0C51-9DD8-441D-A7C2-38DE9AB92C50}"
EndProject
Global
	GlobalSection(SolutionConfigurationPlatforms) = preSolution
		Debug|Any CPU = Debug|Any CPU
		Release|Any CPU = Release|Any CPU
	EndGlobalSection
	GlobalSection(ProjectConfigurationPlatforms) = postSolution
		{2B6C0C51-9DD8-441D-A7C2-38DE9AB92C50}.Debug|Any CPU.ActiveCfg = Debug|Any CPU
		{2B6C0C51-9DD8-441D-A7C2-38DE9AB92C50}.Debug|Any CPU.Build.0 = Debug|Any CPU
		{2B6C0C51-9DD8-441D-A7C2-38DE9AB92C50}.Release|Any CPU.ActiveCfg = Release|Any CPU
		{2B6C0C51-9DD8-441D-A7C2-38DE9AB92C50}.Release|Any CPU.Build.0 = Release|Any CPU
	EndGlobalSection
	GlobalSection(SolutionProperties) = preSolution
		HideSolutionNode = FALSE
	EndGlobalSection
	GlobalSection(ExtensibilityGlobals) = postSolution
		SolutionGuid = {596CAD1B-C855-434A-9A3C-14D532EBA54B}
	EndGlobalSection
EndGlobal
